lockfileVersion: '9.0'

settings:
  autoInstallPeers: true
  excludeLinksFromLockfile: false

importers:

  .:
    dependencies:
      '@ai-sdk/openai':
        specifier: ^4.0.57
        version: 4.0.57(zod@4.5.4)
      ai:
        specifier: ^7.0.91
        version: 7.0.91(zod@4.5.4)
      better-sqlite3:
        specifier: ^13.0.3
        version: 13.0.3
      dotenv:
        specifier: ^17.4.2
        version: 17.4.2
      zod:
        specifier: ^4.5.4
        version: 4.5.4
    devDependencies:
      electron:
        specifier: ^44.1.1
        version: 44.1.1

packages:

  '@ai-sdk/gateway@4.0.73':
    resolution: {integrity: sha512-1Gp6QtVHfegKoMcf1pjk4fpgDg1cUdK5NnrEiUsYhLWa6owDMmF7kP+qL7ZgQNDYKTOijT+5cTeHrL281kUiiQ==}
    engines: {node: '>=22'}
    peerDependencies:
      zod: ^3.25.76 || ^4.1.8

  '@ai-sdk/openai@4.0.57':
    resolution: {integrity: sha512-akpj7mE4z3qmofk+fVlnASxFF6Fh8kuihk1AVsY09uf/sv4CxmiGDjMJrmSWffIx+JEAuZmGUq8uKxEXjw/7Xw==}
    engines: {node: '>=22'}
    peerDependencies:
      zod: ^3.25.76 || ^4.1.8

  '@ai-sdk/provider-utils@5.0.36':
    resolution: {integrity: sha512-MFXBn6XDyf37PNQAge/HTatPJE8Vmg/g/w4WPtjSV53jq8FKAzoaN5+43hsdQa9bqgN+/13jxug9ChvsG+godQ==}
    engines: {node: '>=22'}
    peerDependencies:
      zod: ^3.25.76 || ^4.1.8

  '@ai-sdk/provider@4.0.10':
    resolution: {integrity: sha512-fX2ENAc7iDpZ+Wp4+Rk06Usn/Ys7dI9uAkGv0jlF6XVrW13NkRWx5Ou+U6lIM2E1fTLkCs16GGrUAaVvroag7A==}
    engines: {node: '>=22'}

  '@electron-internal/extract-zip@1.0.5':
    resolution: {integrity: sha512-+bqFCP98pLI0Tt0XQo1TmlXtwjWchISndDOxCkEcIuUgXWpBnLyRI+2DU+mesvnMMX6L1XDqYNA0lXNDHd/yiA==}
    engines: {node: '>=22.12.0'}

  '@electron/get@5.1.0':
    resolution: {integrity: sha512-3kSBtG8ObcTVfXanm5vVJ6UnBLEVmVsRk1M+vGqCuMBV+XLCbJYuWQful+yIy0GQDsSlK0kHEriEHn7SPk4EnA==}
    engines: {node: '>=22.12.0'}

  '@standard-schema/spec@1.1.0':
    resolution: {integrity: sha512-l2aFy5jALhniG5HgqrD6jXLi/rUWrKvqN/qJx6yoJsgKhblVd+iqqU4RCXavm/jPityDo5TCvKMnpjKnOriy0w==}

  '@types/node@24.13.3':
    resolution: {integrity: sha512-Dh8vAsV36ig5wa9OX4pXvMc9D3Veibfw2wix0CUwYODLD8nkj9UsLjASr49nPg+2eKzxhBV+v7L8pXvT4e639Q==}

  '@vercel/oidc@3.2.0':
    resolution: {integrity: sha512-UycprH3T6n3jH0k44NHMa7pnFHGu/N05MjojYr+Mc6I7obkoLIJujSWwin1pCvdy/eOxrI/l3uDLQsmcrOb4ug==}
    engines: {node: '>= 20'}

  '@workflow/serde@4.1.0':
    resolution: {integrity: sha512-pav4F2BoirECWR7Nf1TKt+2eETcBj7jj4cBefQ8VXQCA6NPkaKeLfj/zMgi+3zYV5ZIBT4GuUiphsj0/b9hPQQ==}

  ai@7.0.91:
    resolution: {integrity: sha512-Hn0iIQY1FXow2wd+DxzdA/4ijY+6TP9CREqpN3aIs01wnBW9119yHW0Dvn53sTQzkk7+rSVXaXlDAYM5hhMJZA==}
    engines: {node: '>=22'}
    peerDependencies:
      zod: ^3.25.76 || ^4.1.8

  better-sqlite3@13.0.3:
    resolution: {integrity: sha512-RbOBxmLBG8uvFUc15X9+9SFemKcQ0WBuISBVkpuiaUB2qblC8UWlHEjdWVoZ8AdhSwmoEgsiXKfopX0CQxaACQ==}
    engines: {node: '>=22'}

  debug@4.4.3:
    resolution: {integrity: sha512-RGwwWnwQvkVfavKVt22FGLw+xYSdzARwm0ru6DhTVA3umU5hZc28V3kO4stgYryrTlLpuvgI9GiijltAjNbcqA==}
    engines: {node: '>=6.0'}
    peerDependencies:
      supports-color: '*'
    peerDependenciesMeta:
      supports-color:
        optional: true

  dotenv@17.4.2:
    resolution: {integrity: sha512-nI4U3TottKAcAD9LLud4Cb7b2QztQMUEfHbvhTH09bqXTxnSie8WnjPALV/WMCrJZ6UV/qHJ6L03OqO3LcdYZw==}
    engines: {node: '>=12'}

  electron@44.1.1:
    resolution: {integrity: sha512-N2WCq2sbOkqQgvXJYx2lS6UiO8bF+Yr67trDnS6JKa2WxTCRQsAjGl57SUtdW9h6r5PlduBFjIhxhgd3dzv1hg==}
    engines: {node: '>= 22.12.0'}
    hasBin: true

  env-paths@3.0.0:
    resolution: {integrity: sha512-dtJUTepzMW3Lm/NPxRf3wP4642UWhjL2sQxc+ym2YMj1m/H2zDNQOlezafzkHwn6sMstjHTwG6iQQsctDW/b1A==}
    engines: {node: ^12.20.0 || ^14.13.1 || >=16.0.0}

  eventsource-parser@3.1.1:
    resolution: {integrity: sha512-EKN1vKAMcZ8MlYMpaNuxN6R9yakzH6uajHcHVTqWJzvu5pWw9DyhbP35HH8MVBQ+dZjAfDxk+A8NiR9KWaXiyQ==}
    engines: {node: '>=18.0.0'}

  graceful-fs@4.2.11:
    resolution: {integrity: sha512-RbJ5/jmFcNNCcDV5o9eTnBLJ/HszWV0P73bc+Ff4nS/rJj+YaS6IGyiOL0VoBYX+l1Wrl3k63h/KrH+nhJ0XvQ==}

  json-schema@0.4.0:
    resolution: {integrity: sha512-es94M3nTIfsEPisRafak+HDLfHXnKBhV3vU5eqPcS3flIWqcxJWgXHXiey3YrpaNsanY5ei1VoYEbOzijuq9BA==}

  ms@2.1.3:
    resolution: {integrity: sha512-6FlzubTLZG3J2a/NVCAleEhjzq5oxgHyaCU9yYXvcLsvoVaHJq/s5xXI6/XXP6tz7R9xAOtHnSO/tXtF3WRTlA==}

  node-addon-api@8.9.2:
    resolution: {integrity: sha512-VijLXbi3UACN69I0JVXJsX4tjACjNoQDgv2gTF6sx2wWEi8tkSg2eX8p5gSIFi8z2+DL3oHmY6OyKce38SDolg==}
    engines: {node: ^18 || ^20 || >= 21}

  progress@2.0.3:
    resolution: {integrity: sha512-7PiHtLll5LdnKIMw100I+8xJXR5gW2QwWYkT6iJva0bXitZKa/XMrSbdmg3r2Xnaidz9Qumd0VPaMrZlF9V9sA==}
    engines: {node: '>=0.4.0'}

  semver@7.8.5:
    resolution: {integrity: sha512-Y7/KDsb8LjooZpwaqGyulO6DQlksgCncchHGk+sZIY4SBvUocMBEFH5Ur1fI4dV+Jvl0w6cjvucaIi40puRioA==}
    engines: {node: '>=10'}
    hasBin: true

  sumchecker@3.0.1:
    resolution: {integrity: sha512-MvjXzkz/BOfyVDkG0oFOtBxHX2u3gKbMHIF/dXblZsgD3BWOFLmHovIpZY7BykJdAjcqRCBi1WYBNdEC9yI7vg==}
    engines: {node: '>= 8.0'}

  undici-types@7.18.2:
    resolution: {integrity: sha512-AsuCzffGHJybSaRrmr5eHr81mwJU3kjw6M+uprWvCXiNeN9SOGwQ3Jn8jb8m3Z6izVgknn1R0FTCEAP2QrLY/w==}

  undici@7.29.0:
    resolution: {integrity: sha512-IDxfleLmmbSskfWSUATiN1nfn2rDuvnMOqb5CWR92iIfojA0Ud+ulOAAEQ57LPr9rWmsreUyf5lwyao+7GNNVw==}
    engines: {node: '>=20.18.1'}

  zod@4.5.4:
    resolution: {integrity: sha512-sC95tT5iHHH9gtpj6A81kh+NEaRAUFN+qlUPDUbRfOMvNf5QCBqsb3WgvnpVtK5Y+4UfA6KqufotuTvMGiTlsA==}

snapshots:

  '@ai-sdk/gateway@4.0.73(zod@4.5.4)':
    dependencies:
      '@ai-sdk/provider': 4.0.10
      '@ai-sdk/provider-utils': 5.0.36(zod@4.5.4)
      '@vercel/oidc': 3.2.0
      zod: 4.5.4

  '@ai-sdk/openai@4.0.57(zod@4.5.4)':
    dependencies:
      '@ai-sdk/provider': 4.0.10
      '@ai-sdk/provider-utils': 5.0.36(zod@4.5.4)
      zod: 4.5.4

  '@ai-sdk/provider-utils@5.0.36(zod@4.5.4)':
    dependencies:
      '@ai-sdk/provider': 4.0.10
      '@standard-schema/spec': 1.1.0
      '@workflow/serde': 4.1.0
      eventsource-parser: 3.1.1
      undici: 7.29.0
      zod: 4.5.4

  '@ai-sdk/provider@4.0.10':
    dependencies:
      json-schema: 0.4.0

  '@electron-internal/extract-zip@1.0.5': {}

  '@electron/get@5.1.0':
    dependencies:
      debug: 4.4.3
      env-paths: 3.0.0
      graceful-fs: 4.2.11
      progress: 2.0.3
      semver: 7.8.5
      sumchecker: 3.0.1
    optionalDependencies:
      undici: 7.29.0
    transitivePeerDependencies:
      - supports-color

  '@standard-schema/spec@1.1.0': {}

  '@types/node@24.13.3':
    dependencies:
      undici-types: 7.18.2

  '@vercel/oidc@3.2.0': {}

  '@workflow/serde@4.1.0': {}

  ai@7.0.91(zod@4.5.4):
    dependencies:
      '@ai-sdk/gateway': 4.0.73(zod@4.5.4)
      '@ai-sdk/provider': 4.0.10
      '@ai-sdk/provider-utils': 5.0.36(zod@4.5.4)
      zod: 4.5.4

  better-sqlite3@13.0.3:
    dependencies:
      node-addon-api: 8.9.2

  debug@4.4.3:
    dependencies:
      ms: 2.1.3

  dotenv@17.4.2: {}

  electron@44.1.1:
    dependencies:
      '@electron-internal/extract-zip': 1.0.5
      '@electron/get': 5.1.0
      '@types/node': 24.13.3
    transitivePeerDependencies:
      - supports-color

  env-paths@3.0.0: {}

  eventsource-parser@3.1.1: {}

  graceful-fs@4.2.11: {}

  json-schema@0.4.0: {}

  ms@2.1.3: {}

  node-addon-api@8.9.2: {}

  progress@2.0.3: {}

  semver@7.8.5: {}

  sumchecker@3.0.1:
    dependencies:
      debug: 4.4.3
    transitivePeerDependencies:
      - supports-color

  undici-types@7.18.2: {}

  undici@7.29.0: {}

  zod@4.5.4: {}
